// !$*UTF8*$!
{
	archiveVersion = 1;
	classes = {
	};
	objectVersion = 77;
	objects = {

/* Begin PBXBuildFile section */
		3F01FD7C2CBF718600D9E068 /* CodeEditorView in Frameworks */ = {isa = PBXBuildFile; productRef = 3F01FD7B2CBF718600D9E068 /* CodeEditorView */; };
		3F01FD7E2CBF718600D9E068 /* LanguageSupport in Frameworks */ = {isa = PBXBuildFile; productRef = 3F01FD7D2CBF718600D9E068 /* LanguageSupport */; };
		3F28B36F2CBB996200CCB8DD /* NR_Models.framework in Frameworks */ = {isa = PBXBuildFile; fileRef = 3F28B3652CBB996200CCB8DD /* NR_Models.framework */; };
		3FA5BADA2CC22C5400B75771 /* HexGrid in Frameworks */ = {isa = PBXBuildFile; productRef = 3FA5BAD92CC22C5400B75771 /* HexGrid */; };
		3FA635082CD7D4E30050F813 /* WidgetKit.framework in Frameworks */ = {isa = PBXBuildFile; fileRef = 3F28B29F2CBB3CBD00CCB8DD /* WidgetKit.framework */; };
		3FA635092CD7D4E30050F813 /* SwiftUI.framework in Frameworks */ = {isa = PBXBuildFile; fileRef = 3F28B2A12CBB3CBD00CCB8DD /* SwiftUI.framework */; };
		3FA635172CD7D4E40050F813 /* NRQL WidgetExtension.appex in Embed Foundation Extensions */ = {isa = PBXBuildFile; fileRef = 3FA635072CD7D4E30050F813 /* NRQL WidgetExtension.appex */; settings = {ATTRIBUTES = (RemoveHeadersOnCopy, ); }; };
		3FA635442CD865250050F813 /* LanguageSupport in Frameworks */ = {isa = PBXBuildFile; productRef = 3FA635432CD865250050F813 /* LanguageSupport */; };
		3FFDAEBE2CBCE7B200B26893 /* WidgetKit.framework in Frameworks */ = {isa = PBXBuildFile; fileRef = 3F28B29F2CBB3CBD00CCB8DD /* WidgetKit.framework */; };
		3FFDAEBF2CBCE7B200B26893 /* SwiftUI.framework in Frameworks */ = {isa = PBXBuildFile; fileRef = 3F28B2A12CBB3CBD00CCB8DD /* SwiftUI.framework */; };
/* End PBXBuildFile section */

/* Begin PBXContainerItemProxy section */
		3F28B3702CBB996200CCB8DD /* PBXContainerItemProxy */ = {
			isa = PBXContainerItemProxy;
			containerPortal = 3F57146B2C9EA7BC00685FEA /* Project object */;
			proxyType = 1;
			remoteGlobalIDString = 3F28B3642CBB996200CCB8DD;
			remoteInfo = "NR Models";
		};
		3FA635152CD7D4E40050F813 /* PBXContainerItemProxy */ = {
			isa = PBXContainerItemProxy;
			containerPortal = 3F57146B2C9EA7BC00685FEA /* Project object */;
			proxyType = 1;
			remoteGlobalIDString = 3FA635062CD7D4E30050F813;
			remoteInfo = "NRQL WidgetExtension";
		};
/* End PBXContainerItemProxy section */

/* Begin PBXCopyFilesBuildPhase section */
		3FA635182CD7D4E40050F813 /* Embed Foundation Extensions */ = {
			isa = PBXCopyFilesBuildPhase;
			buildActionMask = 2147483647;
			dstPath = "";
			dstSubfolderSpec = 13;
			files = (
				3FA635172CD7D4E40050F813 /* NRQL WidgetExtension.appex in Embed Foundation Extensions */,
			);
			name = "Embed Foundation Extensions";
			runOnlyForDeploymentPostprocessing = 0;
		};
/* End PBXCopyFilesBuildPhase section */

/* Begin PBXFileReference section */
		3F01FD252CBDFADF00D9E068 /* NR Status.app */ = {isa = PBXFileReference; explicitFileType = wrapper.application; includeInIndex = 0; path = "NR Status.app"; sourceTree = BUILT_PRODUCTS_DIR; };
		3F28B29F2CBB3CBD00CCB8DD /* WidgetKit.framework */ = {isa = PBXFileReference; lastKnownFileType = wrapper.framework; name = WidgetKit.framework; path = System/Library/Frameworks/WidgetKit.framework; sourceTree = SDKROOT; };
		3F28B2A12CBB3CBD00CCB8DD /* SwiftUI.framework */ = {isa = PBXFileReference; lastKnownFileType = wrapper.framework; name = SwiftUI.framework; path = System/Library/Frameworks/SwiftUI.framework; sourceTree = SDKROOT; };
		3F28B3652CBB996200CCB8DD /* NR_Models.framework */ = {isa = PBXFileReference; explicitFileType = wrapper.framework; includeInIndex = 0; path = NR_Models.framework; sourceTree = BUILT_PRODUCTS_DIR; };
		3F28B36E2CBB996200CCB8DD /* NR ModelsTests.xctest */ = {isa = PBXFileReference; explicitFileType = wrapper.cfbundle; includeInIndex = 0; path = "NR ModelsTests.xctest"; sourceTree = BUILT_PRODUCTS_DIR; };
		3F5714842C9EA7BD00685FEA /* NR StatusTests.xctest */ = {isa = PBXFileReference; explicitFileType = wrapper.cfbundle; includeInIndex = 0; path = "NR StatusTests.xctest"; sourceTree = BUILT_PRODUCTS_DIR; };
		3F57148E2C9EA7BD00685FEA /* NR StatusUITests.xctest */ = {isa = PBXFileReference; explicitFileType = wrapper.cfbundle; includeInIndex = 0; path = "NR StatusUITests.xctest"; sourceTree = BUILT_PRODUCTS_DIR; };
		3FA635072CD7D4E30050F813 /* NRQL WidgetExtension.appex */ = {isa = PBXFileReference; explicitFileType = "wrapper.app-extension"; includeInIndex = 0; path = "NRQL WidgetExtension.appex"; sourceTree = BUILT_PRODUCTS_DIR; };
		3FFDAEBD2CBCE7B200B26893 /* NRQL Viewer WidgetExtension.appex */ = {isa = PBXFileReference; explicitFileType = "wrapper.app-extension"; includeInIndex = 0; path = "NRQL Viewer WidgetExtension.appex"; sourceTree = BUILT_PRODUCTS_DIR; };
/* End PBXFileReference section */

/* Begin PBXFileSystemSynchronizedBuildFileExceptionSet section */
		3F01FD4A2CBDFAE100D9E068 /* Exceptions for "NR Status" folder in "NR Status" target */ = {
			isa = PBXFileSystemSynchronizedBuildFileExceptionSet;
			membershipExceptions = (
				Info.plist,
			);
			target = 3F01FD242CBDFADF00D9E068 /* NR Status */;
		};
		3F01FD702CBE2AA200D9E068 /* Exceptions for "NR Models" folder in "NRQL Viewer WidgetExtension" target */ = {
			isa = PBXFileSystemSynchronizedBuildFileExceptionSet;
			membershipExceptions = (
				CustomModels/NrqlQuery.swift,
				"Preview Content/ChartData/FacetedMedium.json",
				"Preview Content/ChartData/FacetedSmall.json",
				"Preview Content/samples.nrql",
			);
			target = 3FFDAEBC2CBCE7B200B26893 /* NRQL Viewer WidgetExtension */;
		};
		3F28B37C2CBB996200CCB8DD /* Exceptions for "NR Models" folder in "NR Models" target */ = {
			isa = PBXFileSystemSynchronizedBuildFileExceptionSet;
			membershipExceptions = (
				CustomModels/NrqlQuery.swift,
				Display/Accessories/AnnotationView.swift,
				Display/Charts/BarChart.swift,
				Display/Charts/PieChart.swift,
				Display/Charts/TableChart.swift,
				Display/Charts/TimeseriesChart.swift,
				Display/ChartSampleView.swift,
				Display/Configuration/ChartConfiguration.swift,
				Display/Configuration/ChartSelectionView.swift,
				Display/Configuration/ConfigurableChartView.swift,
				Display/Configuration/SeriesSelectionView.swift,
				Display/Configuration/TimeseriesChartConfigView.swift,
				Models/Application.swift,
				Models/SyntheticMonitor.swift,
				Nerdgraph/Alert.swift,
				Nerdgraph/BasicFields.swift,
				Nerdgraph/Entity.swift,
				Nerdgraph/NerdgraphClient.swift,
				Nerdgraph/Nrdb.swift,
				Nerdgraph/Queries.swift,
				"Preview Content/ApplicationSamples.swift",
				"Preview Content/ChartData/FacetedComparableSmall.json",
				"Preview Content/ChartData/FacetedMedium.json",
				"Preview Content/ChartData/FacetedSmall.json",
				"Preview Content/ChartData/FacetedTimeseriesMedium.json",
				"Preview Content/ChartData/FacetedTimeseriesSmall.json",
				"Preview Content/ChartData/MultiFacetedComparableSmall.json",
				"Preview Content/ChartData/MultiFacetedSmall.json",
				"Preview Content/ChartData/MultiFacetedTimeseriesMedium.json",
				"Preview Content/ChartData/TimeseriesComparableMedium.json",
				"Preview Content/ChartData/TimeseriesComparableSmall.json",
				"Preview Content/ChartData/TimeseriesMedium.json",
				"Preview Content/ChartData/TimeseriesSmall.json",
				"Preview Content/ChartSamples.swift",
				"Preview Content/Preview Assets.xcassets",
				"Preview Content/samples.nrql",
			);
			publicHeaders = (
				NR_Models.h,
			);
			target = 3F28B3642CBB996200CCB8DD /* NR Models */;
		};
		3FA6351C2CD7D4E40050F813 /* Exceptions for "NRQL Widget" folder in "NRQL WidgetExtension" target */ = {
			isa = PBXFileSystemSynchronizedBuildFileExceptionSet;
			membershipExceptions = (
				Info.plist,
			);
			target = 3FA635062CD7D4E30050F813 /* NRQL WidgetExtension */;
		};
		3FFDAECE2CBCE7B300B26893 /* Exceptions for "NRQL Viewer Widget" folder in "NRQL Viewer WidgetExtension" target */ = {
			isa = PBXFileSystemSynchronizedBuildFileExceptionSet;
			membershipExceptions = (
				Info.plist,
			);
			target = 3FFDAEBC2CBCE7B200B26893 /* NRQL Viewer WidgetExtension */;
		};
/* End PBXFileSystemSynchronizedBuildFileExceptionSet section */

/* Begin PBXFileSystemSynchronizedGroupBuildPhaseMembershipExceptionSet section */
		3FA5BAEF2CC556AC00B75771 /* Exceptions for "NR Models" folder in "Compile Sources" phase from "NRQL Viewer WidgetExtension" target */ = {
			isa = PBXFileSystemSynchronizedGroupBuildPhaseMembershipExceptionSet;
			buildPhase = 3FFDAEB92CBCE7B200B26893 /* Sources */;
			membershipExceptions = (
				"Preview Content/ChartData/FacetedMedium.json",
				"Preview Content/ChartData/FacetedSmall.json",
			);
		};
/* End PBXFileSystemSynchronizedGroupBuildPhaseMembershipExceptionSet section */

/* Begin PBXFileSystemSynchronizedRootGroup section */
		3F01FD262CBDFADF00D9E068 /* NR Status */ = {
			isa = PBXFileSystemSynchronizedRootGroup;
			exceptions = (
				3F01FD4A2CBDFAE100D9E068 /* Exceptions for "NR Status" folder in "NR Status" target */,
			);
			path = "NR Status";
			sourceTree = "<group>";
		};
		3F28B3662CBB996200CCB8DD /* NR Models */ = {
			isa = PBXFileSystemSynchronizedRootGroup;
			exceptions = (
				3F28B37C2CBB996200CCB8DD /* Exceptions for "NR Models" folder in "NR Models" target */,
				3F01FD702CBE2AA200D9E068 /* Exceptions for "NR Models" folder in "NRQL Viewer WidgetExtension" target */,
				3FA5BAEF2CC556AC00B75771 /* Exceptions for "NR Models" folder in "Compile Sources" phase from "NRQL Viewer WidgetExtension" target */,
			);
			path = "NR Models";
			sourceTree = "<group>";
		};
		3F28B3742CBB996200CCB8DD /* NR ModelsTests */ = {
			isa = PBXFileSystemSynchronizedRootGroup;
			path = "NR ModelsTests";
			sourceTree = "<group>";
		};
		3F5714872C9EA7BD00685FEA /* NR StatusTests */ = {
			isa = PBXFileSystemSynchronizedRootGroup;
			path = "NR StatusTests";
			sourceTree = "<group>";
		};
		3F5714912C9EA7BD00685FEA /* NR StatusUITests */ = {
			isa = PBXFileSystemSynchronizedRootGroup;
			path = "NR StatusUITests";
			sourceTree = "<group>";
		};
		3FA6350A2CD7D4E30050F813 /* NRQL Widget */ = {
			isa = PBXFileSystemSynchronizedRootGroup;
			exceptions = (
				3FA6351C2CD7D4E40050F813 /* Exceptions for "NRQL Widget" folder in "NRQL WidgetExtension" target */,
			);
			path = "NRQL Widget";
			sourceTree = "<group>";
		};
		3FFDAEC02CBCE7B200B26893 /* NRQL Viewer Widget */ = {
			isa = PBXFileSystemSynchronizedRootGroup;
			exceptions = (
				3FFDAECE2CBCE7B300B26893 /* Exceptions for "NRQL Viewer Widget" folder in "NRQL Viewer WidgetExtension" target */,
			);
			path = "NRQL Viewer Widget";
			sourceTree = "<group>";
		};
/* End PBXFileSystemSynchronizedRootGroup section */

/* Begin PBXFrameworksBuildPhase section */
		3F01FD222CBDFADF00D9E068 /* Frameworks */ = {
			isa = PBXFrameworksBuildPhase;
			buildActionMask = 2147483647;
			files = (
				3FA5BADA2CC22C5400B75771 /* HexGrid in Frameworks */,
				3F01FD7E2CBF718600D9E068 /* LanguageSupport in Frameworks */,
				3F01FD7C2CBF718600D9E068 /* CodeEditorView in Frameworks */,
			);
			runOnlyForDeploymentPostprocessing = 0;
		};
		3F28B3622CBB996200CCB8DD /* Frameworks */ = {
			isa = PBXFrameworksBuildPhase;
			buildActionMask = 2147483647;
			files = (
			);
			runOnlyForDeploymentPostprocessing = 0;
		};
		3F28B36B2CBB996200CCB8DD /* Frameworks */ = {
			isa = PBXFrameworksBuildPhase;
			buildActionMask = 2147483647;
			files = (
				3F28B36F2CBB996200CCB8DD /* NR_Models.framework in Frameworks */,
			);
			runOnlyForDeploymentPostprocessing = 0;
		};
		3F5714812C9EA7BD00685FEA /* Frameworks */ = {
			isa = PBXFrameworksBuildPhase;
			buildActionMask = 2147483647;
			files = (
			);
			runOnlyForDeploymentPostprocessing = 0;
		};
		3F57148B2C9EA7BD00685FEA /* Frameworks */ = {
			isa = PBXFrameworksBuildPhase;
			buildActionMask = 2147483647;
			files = (
			);
			runOnlyForDeploymentPostprocessing = 0;
		};
		3FA635042CD7D4E30050F813 /* Frameworks */ = {
			isa = PBXFrameworksBuildPhase;
			buildActionMask = 2147483647;
			files = (
				3FA635092CD7D4E30050F813 /* SwiftUI.framework in Frameworks */,
				3FA635442CD865250050F813 /* LanguageSupport in Frameworks */,
				3FA635082CD7D4E30050F813 /* WidgetKit.framework in Frameworks */,
			);
			runOnlyForDeploymentPostprocessing = 0;
		};
		3FFDAEBA2CBCE7B200B26893 /* Frameworks */ = {
			isa = PBXFrameworksBuildPhase;
			buildActionMask = 2147483647;
			files = (
				3FFDAEBF2CBCE7B200B26893 /* SwiftUI.framework in Frameworks */,
				3FFDAEBE2CBCE7B200B26893 /* WidgetKit.framework in Frameworks */,
			);
			runOnlyForDeploymentPostprocessing = 0;
		};
/* End PBXFrameworksBuildPhase section */

/* Begin PBXGroup section */
		3F28B29E2CBB3CBD00CCB8DD /* Frameworks */ = {
			isa = PBXGroup;
			children = (
				3F28B29F2CBB3CBD00CCB8DD /* WidgetKit.framework */,
				3F28B2A12CBB3CBD00CCB8DD /* SwiftUI.framework */,
			);
			name = Frameworks;
			sourceTree = "<group>";
		};
		3F57146A2C9EA7BC00685FEA = {
			isa = PBXGroup;
			children = (
				3F01FD262CBDFADF00D9E068 /* NR Status */,
				3F5714872C9EA7BD00685FEA /* NR StatusTests */,
				3F5714912C9EA7BD00685FEA /* NR StatusUITests */,
				3F28B3662CBB996200CCB8DD /* NR Models */,
				3F28B3742CBB996200CCB8DD /* NR ModelsTests */,
				3FFDAEC02CBCE7B200B26893 /* NRQL Viewer Widget */,
				3FA6350A2CD7D4E30050F813 /* NRQL Widget */,
				3F5714742C9EA7BC00685FEA /* Products */,
				3F28B29E2CBB3CBD00CCB8DD /* Frameworks */,
			);
			sourceTree = "<group>";
		};
		3F5714742C9EA7BC00685FEA /* Products */ = {
			isa = PBXGroup;
			children = (
				3F5714842C9EA7BD00685FEA /* NR StatusTests.xctest */,
				3F57148E2C9EA7BD00685FEA /* NR StatusUITests.xctest */,
				3F28B3652CBB996200CCB8DD /* NR_Models.framework */,
				3F28B36E2CBB996200CCB8DD /* NR ModelsTests.xctest */,
				3FFDAEBD2CBCE7B200B26893 /* NRQL Viewer WidgetExtension.appex */,
				3F01FD252CBDFADF00D9E068 /* NR Status.app */,
				3FA635072CD7D4E30050F813 /* NRQL WidgetExtension.appex */,
			);
			name = Products;
			sourceTree = "<group>";
		};
/* End PBXGroup section */

/* Begin PBXHeadersBuildPhase section */
		3F28B3602CBB996200CCB8DD /* Headers */ = {
			isa = PBXHeadersBuildPhase;
			buildActionMask = 2147483647;
			files = (
			);
			runOnlyForDeploymentPostprocessing = 0;
		};
/* End PBXHeadersBuildPhase section */

/* Begin PBXNativeTarget section */
		3F01FD242CBDFADF00D9E068 /* NR Status */ = {
			isa = PBXNativeTarget;
			buildConfigurationList = 3F01FD4B2CBDFAE100D9E068 /* Build configuration list for PBXNativeTarget "NR Status" */;
			buildPhases = (
				3F01FD212CBDFADF00D9E068 /* Sources */,
				3F01FD222CBDFADF00D9E068 /* Frameworks */,
				3F01FD232CBDFADF00D9E068 /* Resources */,
				3FA635182CD7D4E40050F813 /* Embed Foundation Extensions */,
			);
			buildRules = (
			);
			dependencies = (
				3FA635162CD7D4E40050F813 /* PBXTargetDependency */,
			);
			fileSystemSynchronizedGroups = (
				3F01FD262CBDFADF00D9E068 /* NR Status */,
				3F28B3662CBB996200CCB8DD /* NR Models */,
			);
			name = "NR Status";
			packageProductDependencies = (
				3F01FD7B2CBF718600D9E068 /* CodeEditorView */,
				3F01FD7D2CBF718600D9E068 /* LanguageSupport */,
				3FA5BAD92CC22C5400B75771 /* HexGrid */,
			);
			productName = "NRQL Editor";
			productReference = 3F01FD252CBDFADF00D9E068 /* NR Status.app */;
			productType = "com.apple.product-type.application";
		};
		3F28B3642CBB996200CCB8DD /* NR Models */ = {
			isa = PBXNativeTarget;
			buildConfigurationList = 3F28B37D2CBB996200CCB8DD /* Build configuration list for PBXNativeTarget "NR Models" */;
			buildPhases = (
				3F28B3602CBB996200CCB8DD /* Headers */,
				3F28B3612CBB996200CCB8DD /* Sources */,
				3F28B3622CBB996200CCB8DD /* Frameworks */,
				3F28B3632CBB996200CCB8DD /* Resources */,
			);
			buildRules = (
			);
			dependencies = (
			);
			fileSystemSynchronizedGroups = (
				3F28B3662CBB996200CCB8DD /* NR Models */,
			);
			name = "NR Models";
			packageProductDependencies = (
			);
			productName = "NR Models";
			productReference = 3F28B3652CBB996200CCB8DD /* NR_Models.framework */;
			productType = "com.apple.product-type.framework";
		};
		3F28B36D2CBB996200CCB8DD /* NR ModelsTests */ = {
			isa = PBXNativeTarget;
			buildConfigurationList = 3F28B3812CBB996200CCB8DD /* Build configuration list for PBXNativeTarget "NR ModelsTests" */;
			buildPhases = (
				3F28B36A2CBB996200CCB8DD /* Sources */,
				3F28B36B2CBB996200CCB8DD /* Frameworks */,
				3F28B36C2CBB996200CCB8DD /* Resources */,
			);
			buildRules = (
			);
			dependencies = (
				3F28B3712CBB996200CCB8DD /* PBXTargetDependency */,
			);
			fileSystemSynchronizedGroups = (
				3F28B3742CBB996200CCB8DD /* NR ModelsTests */,
			);
			name = "NR ModelsTests";
			packageProductDependencies = (
			);
			productName = "NR ModelsTests";
			productReference = 3F28B36E2CBB996200CCB8DD /* NR ModelsTests.xctest */;
			productType = "com.apple.product-type.bundle.unit-test";
		};
		3F5714832C9EA7BD00685FEA /* NR StatusTests */ = {
			isa = PBXNativeTarget;
			buildConfigurationList = 3F57149B2C9EA7BD00685FEA /* Build configuration list for PBXNativeTarget "NR StatusTests" */;
			buildPhases = (
				3F5714802C9EA7BD00685FEA /* Sources */,
				3F5714812C9EA7BD00685FEA /* Frameworks */,
				3F5714822C9EA7BD00685FEA /* Resources */,
			);
			buildRules = (
			);
			dependencies = (
			);
			fileSystemSynchronizedGroups = (
				3F5714872C9EA7BD00685FEA /* NR StatusTests */,
			);
			name = "NR StatusTests";
			packageProductDependencies = (
			);
			productName = "NR StatusTests";
			productReference = 3F5714842C9EA7BD00685FEA /* NR StatusTests.xctest */;
			productType = "com.apple.product-type.bundle.unit-test";
		};
		3F57148D2C9EA7BD00685FEA /* NR StatusUITests */ = {
			isa = PBXNativeTarget;
			buildConfigurationList = 3F57149E2C9EA7BD00685FEA /* Build configuration list for PBXNativeTarget "NR StatusUITests" */;
			buildPhases = (
				3F57148A2C9EA7BD00685FEA /* Sources */,
				3F57148B2C9EA7BD00685FEA /* Frameworks */,
				3F57148C2C9EA7BD00685FEA /* Resources */,
			);
			buildRules = (
			);
			dependencies = (
			);
			fileSystemSynchronizedGroups = (
				3F5714912C9EA7BD00685FEA /* NR StatusUITests */,
			);
			name = "NR StatusUITests";
			packageProductDependencies = (
			);
			productName = "NR StatusUITests";
			productReference = 3F57148E2C9EA7BD00685FEA /* NR StatusUITests.xctest */;
			productType = "com.apple.product-type.bundle.ui-testing";
		};
		3FA635062CD7D4E30050F813 /* NRQL WidgetExtension */ = {
			isa = PBXNativeTarget;
			buildConfigurationList = 3FA6351B2CD7D4E40050F813 /* Build configuration list for PBXNativeTarget "NRQL WidgetExtension" */;
			buildPhases = (
				3FA635032CD7D4E30050F813 /* Sources */,
				3FA635042CD7D4E30050F813 /* Frameworks */,
				3FA635052CD7D4E30050F813 /* Resources */,
			);
			buildRules = (
			);
			dependencies = (
			);
			fileSystemSynchronizedGroups = (
				3F28B3662CBB996200CCB8DD /* NR Models */,
				3FA6350A2CD7D4E30050F813 /* NRQL Widget */,
			);
			name = "NRQL WidgetExtension";
			packageProductDependencies = (
				3FA635432CD865250050F813 /* LanguageSupport */,
			);
			productName = "NRQL WidgetExtension";
			productReference = 3FA635072CD7D4E30050F813 /* NRQL WidgetExtension.appex */;
			productType = "com.apple.product-type.app-extension";
		};
		3FFDAEBC2CBCE7B200B26893 /* NRQL Viewer WidgetExtension */ = {
			isa = PBXNativeTarget;
			buildConfigurationList = 3FFDAECF2CBCE7B300B26893 /* Build configuration list for PBXNativeTarget "NRQL Viewer WidgetExtension" */;
			buildPhases = (
				3FFDAEB92CBCE7B200B26893 /* Sources */,
				3FFDAEBA2CBCE7B200B26893 /* Frameworks */,
				3FFDAEBB2CBCE7B200B26893 /* Resources */,
			);
			buildRules = (
			);
			dependencies = (
			);
			fileSystemSynchronizedGroups = (
				3F28B3662CBB996200CCB8DD /* NR Models */,
				3FFDAEC02CBCE7B200B26893 /* NRQL Viewer Widget */,
			);
			name = "NRQL Viewer WidgetExtension";
			packageProductDependencies = (
			);
			productName = "NRQL Viewer WidgetExtension";
			productReference = 3FFDAEBD2CBCE7B200B26893 /* NRQL Viewer WidgetExtension.appex */;
			productType = "com.apple.product-type.app-extension";
		};
/* End PBXNativeTarget section */

/* Begin PBXProject section */
		3F57146B2C9EA7BC00685FEA /* Project object */ = {
			isa = PBXProject;
			attributes = {
				BuildIndependentTargetsInParallel = 1;
				LastSwiftUpdateCheck = 1610;
				LastUpgradeCheck = 1610;
				TargetAttributes = {
					3F01FD242CBDFADF00D9E068 = {
						CreatedOnToolsVersion = 16.0;
					};
					3F28B3642CBB996200CCB8DD = {
						CreatedOnToolsVersion = 16.0;
					};
					3F28B36D2CBB996200CCB8DD = {
						CreatedOnToolsVersion = 16.0;
						TestTargetID = 3F5714722C9EA7BC00685FEA;
					};
					3F5714832C9EA7BD00685FEA = {
						CreatedOnToolsVersion = 16.0;
						TestTargetID = 3F5714722C9EA7BC00685FEA;
					};
					3F57148D2C9EA7BD00685FEA = {
						CreatedOnToolsVersion = 16.0;
						TestTargetID = 3F5714722C9EA7BC00685FEA;
					};
					3FA635062CD7D4E30050F813 = {
						CreatedOnToolsVersion = 16.1;
					};
					3FFDAEBC2CBCE7B200B26893 = {
						CreatedOnToolsVersion = 16.0;
					};
				};
			};
			buildConfigurationList = 3F57146E2C9EA7BC00685FEA /* Build configuration list for PBXProject "NR Status" */;
			developmentRegion = en;
			hasScannedForEncodings = 0;
			knownRegions = (
				en,
				Base,
			);
			mainGroup = 3F57146A2C9EA7BC00685FEA;
			minimizedProjectReferenceProxies = 1;
			packageReferences = (
				3F7896472CA7CE1100A03646 /* XCRemoteSwiftPackageReference "HexGrid" */,
				3F01FD7A2CBF718600D9E068 /* XCRemoteSwiftPackageReference "CodeEditorView" */,
			);
			preferredProjectObjectVersion = 77;
			productRefGroup = 3F5714742C9EA7BC00685FEA /* Products */;
			projectDirPath = "";
			projectRoot = "";
			targets = (
				3F01FD242CBDFADF00D9E068 /* NR Status */,
				3F5714832C9EA7BD00685FEA /* NR StatusTests */,
				3F57148D2C9EA7BD00685FEA /* NR StatusUITests */,
				3F28B3642CBB996200CCB8DD /* NR Models */,
				3F28B36D2CBB996200CCB8DD /* NR ModelsTests */,
				3FFDAEBC2CBCE7B200B26893 /* NRQL Viewer WidgetExtension */,
				3FA635062CD7D4E30050F813 /* NRQL WidgetExtension */,
			);
		};
/* End PBXProject section */

/* Begin PBXResourcesBuildPhase section */
		3F01FD232CBDFADF00D9E068 /* Resources */ = {
			isa = PBXResourcesBuildPhase;
			buildActionMask = 2147483647;
			files = (
			);
			runOnlyForDeploymentPostprocessing = 0;
		};
		3F28B3632CBB996200CCB8DD /* Resources */ = {
			isa = PBXResourcesBuildPhase;
			buildActionMask = 2147483647;
			files = (
			);
			runOnlyForDeploymentPostprocessing = 0;
		};
		3F28B36C2CBB996200CCB8DD /* Resources */ = {
			isa = PBXResourcesBuildPhase;
			buildActionMask = 2147483647;
			files = (
			);
			runOnlyForDeploymentPostprocessing = 0;
		};
		3F5714822C9EA7BD00685FEA /* Resources */ = {
			isa = PBXResourcesBuildPhase;
			buildActionMask = 2147483647;
			files = (
			);
			runOnlyForDeploymentPostprocessing = 0;
		};
		3F57148C2C9EA7BD00685FEA /* Resources */ = {
			isa = PBXResourcesBuildPhase;
			buildActionMask = 2147483647;
			files = (
			);
			runOnlyForDeploymentPostprocessing = 0;
		};
		3FA635052CD7D4E30050F813 /* Resources */ = {
			isa = PBXResourcesBuildPhase;
			buildActionMask = 2147483647;
			files = (
			);
			runOnlyForDeploymentPostprocessing = 0;
		};
		3FFDAEBB2CBCE7B200B26893 /* Resources */ = {
			isa = PBXResourcesBuildPhase;
			buildActionMask = 2147483647;
			files = (
			);
			runOnlyForDeploymentPostprocessing = 0;
		};
/* End PBXResourcesBuildPhase section */

/* Begin PBXSourcesBuildPhase section */
		3F01FD212CBDFADF00D9E068 /* Sources */ = {
			isa = PBXSourcesBuildPhase;
			buildActionMask = 2147483647;
			files = (
			);
			runOnlyForDeploymentPostprocessing = 0;
		};
		3F28B3612CBB996200CCB8DD /* Sources */ = {
			isa = PBXSourcesBuildPhase;
			buildActionMask = 2147483647;
			files = (
			);
			runOnlyForDeploymentPostprocessing = 0;
		};
		3F28B36A2CBB996200CCB8DD /* Sources */ = {
			isa = PBXSourcesBuildPhase;
			buildActionMask = 2147483647;
			files = (
			);
			runOnlyForDeploymentPostprocessing = 0;
		};
		3F5714802C9EA7BD00685FEA /* Sources */ = {
			isa = PBXSourcesBuildPhase;
			buildActionMask = 2147483647;
			files = (
			);
			runOnlyForDeploymentPostprocessing = 0;
		};
		3F57148A2C9EA7BD00685FEA /* Sources */ = {
			isa = PBXSourcesBuildPhase;
			buildActionMask = 2147483647;
			files = (
			);
			runOnlyForDeploymentPostprocessing = 0;
		};
		3FA635032CD7D4E30050F813 /* Sources */ = {
			isa = PBXSourcesBuildPhase;
			buildActionMask = 2147483647;
			files = (
			);
			runOnlyForDeploymentPostprocessing = 0;
		};
		3FFDAEB92CBCE7B200B26893 /* Sources */ = {
			isa = PBXSourcesBuildPhase;
			buildActionMask = 2147483647;
			files = (
			);
			runOnlyForDeploymentPostprocessing = 0;
		};
/* End PBXSourcesBuildPhase section */

/* Begin PBXTargetDependency section */
		3F28B3712CBB996200CCB8DD /* PBXTargetDependency */ = {
			isa = PBXTargetDependency;
			target = 3F28B3642CBB996200CCB8DD /* NR Models */;
			targetProxy = 3F28B3702CBB996200CCB8DD /* PBXContainerItemProxy */;
		};
		3FA635162CD7D4E40050F813 /* PBXTargetDependency */ = {
			isa = PBXTargetDependency;
			target = 3FA635062CD7D4E30050F813 /* NRQL WidgetExtension */;
			targetProxy = 3FA635152CD7D4E40050F813 /* PBXContainerItemProxy */;
		};
/* End PBXTargetDependency section */

/* Begin XCBuildConfiguration section */
		3F01FD4C2CBDFAE100D9E068 /* Debug */ = {
			isa = XCBuildConfiguration;
			buildSettings = {
				ASSETCATALOG_COMPILER_APPICON_NAME = AppIcon;
				ASSETCATALOG_COMPILER_GLOBAL_ACCENT_COLOR_NAME = AccentColor;
				CODE_SIGN_ENTITLEMENTS = "NR Status/NR_Status.entitlements";
				CODE_SIGN_STYLE = Automatic;
				COMBINE_HIDPI_IMAGES = YES;
				CURRENT_PROJECT_VERSION = 1;
				DEAD_CODE_STRIPPING = YES;
				DEVELOPMENT_ASSET_PATHS = "\"NR Status/Preview Content\"";
				DEVELOPMENT_TEAM = EHM929N34N;
				ENABLE_HARDENED_RUNTIME = YES;
				ENABLE_PREVIEWS = YES;
				GENERATE_INFOPLIST_FILE = YES;
				INFOPLIST_FILE = "NR Status/Info.plist";
				INFOPLIST_KEY_NSHumanReadableCopyright = "";
				LD_RUNPATH_SEARCH_PATHS = (
					"$(inherited)",
					"@executable_path/../Frameworks",
				);
				MARKETING_VERSION = 1.0;
				PRODUCT_BUNDLE_IDENTIFIER = "net.baurhome.NR-Status";
				PRODUCT_NAME = "$(TARGET_NAME)";
				SWIFT_EMIT_LOC_STRINGS = YES;
				SWIFT_VERSION = 5.0;
			};
			name = Debug;
		};
		3F01FD4D2CBDFAE100D9E068 /* Release */ = {
			isa = XCBuildConfiguration;
			buildSettings = {
				ASSETCATALOG_COMPILER_APPICON_NAME = AppIcon;
				ASSETCATALOG_COMPILER_GLOBAL_ACCENT_COLOR_NAME = AccentColor;
				CODE_SIGN_ENTITLEMENTS = "NR Status/NR StatusRelease.entitlements";
				"CODE_SIGN_IDENTITY[sdk=macosx*]" = "Apple Development";
				CODE_SIGN_STYLE = Automatic;
				COMBINE_HIDPI_IMAGES = YES;
				CURRENT_PROJECT_VERSION = 1;
				DEAD_CODE_STRIPPING = YES;
				DEVELOPMENT_ASSET_PATHS = "\"NR Status/Preview Content\"";
				DEVELOPMENT_TEAM = EHM929N34N;
				ENABLE_HARDENED_RUNTIME = YES;
				ENABLE_PREVIEWS = YES;
				GENERATE_INFOPLIST_FILE = YES;
				INFOPLIST_FILE = "NR Status/Info.plist";
				INFOPLIST_KEY_NSHumanReadableCopyright = "";
				LD_RUNPATH_SEARCH_PATHS = (
					"$(inherited)",
					"@executable_path/../Frameworks",
				);
				MARKETING_VERSION = 1.0;
				PRODUCT_BUNDLE_IDENTIFIER = "net.baurhome.NR-Status";
				PRODUCT_NAME = "$(TARGET_NAME)";
				SWIFT_EMIT_LOC_STRINGS = YES;
				SWIFT_VERSION = 5.0;
			};
			name = Release;
		};
		3F28B37E2CBB996200CCB8DD /* Debug */ = {
			isa = XCBuildConfiguration;
			buildSettings = {
				BUILD_LIBRARY_FOR_DISTRIBUTION = YES;
				CODE_SIGN_IDENTITY = "";
				CODE_SIGN_STYLE = Automatic;
				COMBINE_HIDPI_IMAGES = YES;
				CURRENT_PROJECT_VERSION = 1;
				DEAD_CODE_STRIPPING = YES;
				DEFINES_MODULE = YES;
				DEVELOPMENT_TEAM = EHM929N34N;
				DYLIB_COMPATIBILITY_VERSION = 1;
				DYLIB_CURRENT_VERSION = 1;
				DYLIB_INSTALL_NAME_BASE = "@rpath";
				ENABLE_MODULE_VERIFIER = YES;
				GENERATE_INFOPLIST_FILE = YES;
				INFOPLIST_KEY_NSHumanReadableCopyright = "";
				INSTALL_PATH = "$(LOCAL_LIBRARY_DIR)/Frameworks";
				LD_RUNPATH_SEARCH_PATHS = (
					"$(inherited)",
					"@executable_path/../Frameworks",
					"@loader_path/Frameworks",
				);
				MARKETING_VERSION = 1.0;
				MODULE_VERIFIER_SUPPORTED_LANGUAGES = "objective-c objective-c++";
				MODULE_VERIFIER_SUPPORTED_LANGUAGE_STANDARDS = "gnu17 gnu++20";
				PRODUCT_BUNDLE_IDENTIFIER = "net.baurhome.NR-Status.NR-Models";
				PRODUCT_NAME = "$(TARGET_NAME:c99extidentifier)";
				SKIP_INSTALL = YES;
				SWIFT_EMIT_LOC_STRINGS = YES;
				SWIFT_INSTALL_OBJC_HEADER = NO;
				SWIFT_VERSION = 5.0;
				VERSIONING_SYSTEM = "apple-generic";
				VERSION_INFO_PREFIX = "";
			};
			name = Debug;
		};
		3F28B37F2CBB996200CCB8DD /* Release */ = {
			isa = XCBuildConfiguration;
			buildSettings = {
				BUILD_LIBRARY_FOR_DISTRIBUTION = YES;
				CODE_SIGN_IDENTITY = "";
				CODE_SIGN_STYLE = Automatic;
				COMBINE_HIDPI_IMAGES = YES;
				CURRENT_PROJECT_VERSION = 1;
				DEAD_CODE_STRIPPING = YES;
				DEFINES_MODULE = YES;
				DEVELOPMENT_TEAM = EHM929N34N;
				DYLIB_COMPATIBILITY_VERSION = 1;
				DYLIB_CURRENT_VERSION = 1;
				DYLIB_INSTALL_NAME_BASE = "@rpath";
				ENABLE_MODULE_VERIFIER = YES;
				GENERATE_INFOPLIST_FILE = YES;
				INFOPLIST_KEY_NSHumanReadableCopyright = "";
				INSTALL_PATH = "$(LOCAL_LIBRARY_DIR)/Frameworks";
				LD_RUNPATH_SEARCH_PATHS = (
					"$(inherited)",
					"@executable_path/../Frameworks",
					"@loader_path/Frameworks",
				);
				MARKETING_VERSION = 1.0;
				MODULE_VERIFIER_SUPPORTED_LANGUAGES = "objective-c objective-c++";
				MODULE_VERIFIER_SUPPORTED_LANGUAGE_STANDARDS = "gnu17 gnu++20";
				PRODUCT_BUNDLE_IDENTIFIER = "net.baurhome.NR-Status.NR-Models";
				PRODUCT_NAME = "$(TARGET_NAME:c99extidentifier)";
				SKIP_INSTALL = YES;
				SWIFT_EMIT_LOC_STRINGS = YES;
				SWIFT_INSTALL_OBJC_HEADER = NO;
				SWIFT_VERSION = 5.0;
				VERSIONING_SYSTEM = "apple-generic";
				VERSION_INFO_PREFIX = "";
			};
			name = Release;
		};
		3F28B3822CBB996200CCB8DD /* Debug */ = {
			isa = XCBuildConfiguration;
			buildSettings = {
				CODE_SIGN_STYLE = Automatic;
				CURRENT_PROJECT_VERSION = 1;
				DEAD_CODE_STRIPPING = YES;
				DEVELOPMENT_TEAM = EHM929N34N;
				GENERATE_INFOPLIST_FILE = YES;
				MARKETING_VERSION = 1.0;
				PRODUCT_BUNDLE_IDENTIFIER = "net.baurhome.NR-Status.NR-ModelsTests";
				PRODUCT_NAME = "$(TARGET_NAME)";
				SWIFT_EMIT_LOC_STRINGS = NO;
				SWIFT_VERSION = 5.0;
				TEST_HOST = "$(BUILT_PRODUCTS_DIR)/NR Status.app/$(BUNDLE_EXECUTABLE_FOLDER_PATH)/NR Status";
			};
			name = Debug;
		};
		3F28B3832CBB996200CCB8DD /* Release */ = {
			isa = XCBuildConfiguration;
			buildSettings = {
				CODE_SIGN_STYLE = Automatic;
				CURRENT_PROJECT_VERSION = 1;
				DEAD_CODE_STRIPPING = YES;
				DEVELOPMENT_TEAM = EHM929N34N;
				GENERATE_INFOPLIST_FILE = YES;
				MARKETING_VERSION = 1.0;
				PRODUCT_BUNDLE_IDENTIFIER = "net.baurhome.NR-Status.NR-ModelsTests";
				PRODUCT_NAME = "$(TARGET_NAME)";
				SWIFT_EMIT_LOC_STRINGS = NO;
				SWIFT_VERSION = 5.0;
				TEST_HOST = "$(BUILT_PRODUCTS_DIR)/NR Status.app/$(BUNDLE_EXECUTABLE_FOLDER_PATH)/NR Status";
			};
			name = Release;
		};
		3F5714962C9EA7BD00685FEA /* Debug */ = {
			isa = XCBuildConfiguration;
			buildSettings = {
				ALWAYS_SEARCH_USER_PATHS = NO;
				ASSETCATALOG_COMPILER_GENERATE_SWIFT_ASSET_SYMBOL_EXTENSIONS = YES;
				CLANG_ANALYZER_NONNULL = YES;
				CLANG_ANALYZER_NUMBER_OBJECT_CONVERSION = YES_AGGRESSIVE;
				CLANG_CXX_LANGUAGE_STANDARD = "gnu++20";
				CLANG_ENABLE_MODULES = YES;
				CLANG_ENABLE_OBJC_ARC = YES;
				CLANG_ENABLE_OBJC_WEAK = YES;
				CLANG_WARN_BLOCK_CAPTURE_AUTORELEASING = YES;
				CLANG_WARN_BOOL_CONVERSION = YES;
				CLANG_WARN_COMMA = YES;
				CLANG_WARN_CONSTANT_CONVERSION = YES;
				CLANG_WARN_DEPRECATED_OBJC_IMPLEMENTATIONS = YES;
				CLANG_WARN_DIRECT_OBJC_ISA_USAGE = YES_ERROR;
				CLANG_WARN_DOCUMENTATION_COMMENTS = YES;
				CLANG_WARN_EMPTY_BODY = YES;
				CLANG_WARN_ENUM_CONVERSION = YES;
				CLANG_WARN_INFINITE_RECURSION = YES;
				CLANG_WARN_INT_CONVERSION = YES;
				CLANG_WARN_NON_LITERAL_NULL_CONVERSION = YES;
				CLANG_WARN_OBJC_IMPLICIT_RETAIN_SELF = YES;
				CLANG_WARN_OBJC_LITERAL_CONVERSION = YES;
				CLANG_WARN_OBJC_ROOT_CLASS = YES_ERROR;
				CLANG_WARN_QUOTED_INCLUDE_IN_FRAMEWORK_HEADER = YES;
				CLANG_WARN_RANGE_LOOP_ANALYSIS = YES;
				CLANG_WARN_STRICT_PROTOTYPES = YES;
				CLANG_WARN_SUSPICIOUS_MOVE = YES;
				CLANG_WARN_UNGUARDED_AVAILABILITY = YES_AGGRESSIVE;
				CLANG_WARN_UNREACHABLE_CODE = YES;
				CLANG_WARN__DUPLICATE_METHOD_MATCH = YES;
				COPY_PHASE_STRIP = NO;
				DEAD_CODE_STRIPPING = YES;
				DEBUG_INFORMATION_FORMAT = dwarf;
				ENABLE_STRICT_OBJC_MSGSEND = YES;
				ENABLE_TESTABILITY = YES;
				ENABLE_USER_SCRIPT_SANDBOXING = YES;
				GCC_C_LANGUAGE_STANDARD = gnu17;
				GCC_DYNAMIC_NO_PIC = NO;
				GCC_NO_COMMON_BLOCKS = YES;
				GCC_OPTIMIZATION_LEVEL = 0;
				GCC_PREPROCESSOR_DEFINITIONS = (
					"DEBUG=1",
					"$(inherited)",
				);
				GCC_WARN_64_TO_32_BIT_CONVERSION = YES;
				GCC_WARN_ABOUT_RETURN_TYPE = YES_ERROR;
				GCC_WARN_UNDECLARED_SELECTOR = YES;
				GCC_WARN_UNINITIALIZED_AUTOS = YES_AGGRESSIVE;
				GCC_WARN_UNUSED_FUNCTION = YES;
				GCC_WARN_UNUSED_VARIABLE = YES;
				LOCALIZATION_PREFERS_STRING_CATALOGS = YES;
				MACOSX_DEPLOYMENT_TARGET = 15.0;
				MTL_ENABLE_DEBUG_INFO = INCLUDE_SOURCE;
				MTL_FAST_MATH = YES;
				ONLY_ACTIVE_ARCH = YES;
				SDKROOT = macosx;
				SWIFT_ACTIVE_COMPILATION_CONDITIONS = "DEBUG $(inherited)";
				SWIFT_OPTIMIZATION_LEVEL = "-Onone";
			};
			name = Debug;
		};
		3F5714972C9EA7BD00685FEA /* Release */ = {
			isa = XCBuildConfiguration;
			buildSettings = {
				ALWAYS_SEARCH_USER_PATHS = NO;
				ASSETCATALOG_COMPILER_GENERATE_SWIFT_ASSET_SYMBOL_EXTENSIONS = YES;
				CLANG_ANALYZER_NONNULL = YES;
				CLANG_ANALYZER_NUMBER_OBJECT_CONVERSION = YES_AGGRESSIVE;
				CLANG_CXX_LANGUAGE_STANDARD = "gnu++20";
				CLANG_ENABLE_MODULES = YES;
				CLANG_ENABLE_OBJC_ARC = YES;
				CLANG_ENABLE_OBJC_WEAK = YES;
				CLANG_WARN_BLOCK_CAPTURE_AUTORELEASING = YES;
				CLANG_WARN_BOOL_CONVERSION = YES;
				CLANG_WARN_COMMA = YES;
				CLANG_WARN_CONSTANT_CONVERSION = YES;
				CLANG_WARN_DEPRECATED_OBJC_IMPLEMENTATIONS = YES;
				CLANG_WARN_DIRECT_OBJC_ISA_USAGE = YES_ERROR;
				CLANG_WARN_DOCUMENTATION_COMMENTS = YES;
				CLANG_WARN_EMPTY_BODY = YES;
				CLANG_WARN_ENUM_CONVERSION = YES;
				CLANG_WARN_INFINITE_RECURSION = YES;
				CLANG_WARN_INT_CONVERSION = YES;
				CLANG_WARN_NON_LITERAL_NULL_CONVERSION = YES;
				CLANG_WARN_OBJC_IMPLICIT_RETAIN_SELF = YES;
				CLANG_WARN_OBJC_LITERAL_CONVERSION = YES;
				CLANG_WARN_OBJC_ROOT_CLASS = YES_ERROR;
				CLANG_WARN_QUOTED_INCLUDE_IN_FRAMEWORK_HEADER = YES;
				CLANG_WARN_RANGE_LOOP_ANALYSIS = YES;
				CLANG_WARN_STRICT_PROTOTYPES = YES;
				CLANG_WARN_SUSPICIOUS_MOVE = YES;
				CLANG_WARN_UNGUARDED_AVAILABILITY = YES_AGGRESSIVE;
				CLANG_WARN_UNREACHABLE_CODE = YES;
				CLANG_WARN__DUPLICATE_METHOD_MATCH = YES;
				COPY_PHASE_STRIP = NO;
				DEAD_CODE_STRIPPING = YES;
				DEBUG_INFORMATION_FORMAT = "dwarf-with-dsym";
				ENABLE_NS_ASSERTIONS = NO;
				ENABLE_STRICT_OBJC_MSGSEND = YES;
				ENABLE_USER_SCRIPT_SANDBOXING = YES;
				GCC_C_LANGUAGE_STANDARD = gnu17;
				GCC_NO_COMMON_BLOCKS = YES;
				GCC_WARN_64_TO_32_BIT_CONVERSION = YES;
				GCC_WARN_ABOUT_RETURN_TYPE = YES_ERROR;
				GCC_WARN_UNDECLARED_SELECTOR = YES;
				GCC_WARN_UNINITIALIZED_AUTOS = YES_AGGRESSIVE;
				GCC_WARN_UNUSED_FUNCTION = YES;
				GCC_WARN_UNUSED_VARIABLE = YES;
				LOCALIZATION_PREFERS_STRING_CATALOGS = YES;
				MACOSX_DEPLOYMENT_TARGET = 15.0;
				MTL_ENABLE_DEBUG_INFO = NO;
				MTL_FAST_MATH = YES;
				SDKROOT = macosx;
				SWIFT_COMPILATION_MODE = wholemodule;
			};
			name = Release;
		};
		3F57149C2C9EA7BD00685FEA /* Debug */ = {
			isa = XCBuildConfiguration;
			buildSettings = {
				BUNDLE_LOADER = "$(TEST_HOST)";
				CODE_SIGN_STYLE = Automatic;
				CURRENT_PROJECT_VERSION = 1;
				DEAD_CODE_STRIPPING = YES;
				DEVELOPMENT_TEAM = EHM929N34N;
				GENERATE_INFOPLIST_FILE = YES;
				MACOSX_DEPLOYMENT_TARGET = 15.0;
				MARKETING_VERSION = 1.0;
				PRODUCT_BUNDLE_IDENTIFIER = "net.baurhome.NR-StatusTests";
				PRODUCT_NAME = "$(TARGET_NAME)";
				SWIFT_EMIT_LOC_STRINGS = NO;
				SWIFT_VERSION = 5.0;
				TEST_HOST = "$(BUILT_PRODUCTS_DIR)/NR Status.app/$(BUNDLE_EXECUTABLE_FOLDER_PATH)/NR Status";
			};
			name = Debug;
		};
		3F57149D2C9EA7BD00685FEA /* Release */ = {
			isa = XCBuildConfiguration;
			buildSettings = {
				BUNDLE_LOADER = "$(TEST_HOST)";
				CODE_SIGN_STYLE = Automatic;
				CURRENT_PROJECT_VERSION = 1;
				DEAD_CODE_STRIPPING = YES;
				DEVELOPMENT_TEAM = EHM929N34N;
				GENERATE_INFOPLIST_FILE = YES;
				MACOSX_DEPLOYMENT_TARGET = 15.0;
				MARKETING_VERSION = 1.0;
				PRODUCT_BUNDLE_IDENTIFIER = "net.baurhome.NR-StatusTests";
				PRODUCT_NAME = "$(TARGET_NAME)";
				SWIFT_EMIT_LOC_STRINGS = NO;
				SWIFT_VERSION = 5.0;
				TEST_HOST = "$(BUILT_PRODUCTS_DIR)/NR Status.app/$(BUNDLE_EXECUTABLE_FOLDER_PATH)/NR Status";
			};
			name = Release;
		};
		3F57149F2C9EA7BD00685FEA /* Debug */ = {
			isa = XCBuildConfiguration;
			buildSettings = {
				CODE_SIGN_STYLE = Automatic;
				CURRENT_PROJECT_VERSION = 1;
				DEAD_CODE_STRIPPING = YES;
				DEVELOPMENT_TEAM = EHM929N34N;
				GENERATE_INFOPLIST_FILE = YES;
				MARKETING_VERSION = 1.0;
				PRODUCT_BUNDLE_IDENTIFIER = "net.baurhome.NR-StatusUITests";
				PRODUCT_NAME = "$(TARGET_NAME)";
				SWIFT_EMIT_LOC_STRINGS = NO;
				SWIFT_VERSION = 5.0;
				TEST_TARGET_NAME = "NR Status";
			};
			name = Debug;
		};
		3F5714A02C9EA7BD00685FEA /* Release */ = {
			isa = XCBuildConfiguration;
			buildSettings = {
				CODE_SIGN_STYLE = Automatic;
				CURRENT_PROJECT_VERSION = 1;
				DEAD_CODE_STRIPPING = YES;
				DEVELOPMENT_TEAM = EHM929N34N;
				GENERATE_INFOPLIST_FILE = YES;
				MARKETING_VERSION = 1.0;
				PRODUCT_BUNDLE_IDENTIFIER = "net.baurhome.NR-StatusUITests";
				PRODUCT_NAME = "$(TARGET_NAME)";
				SWIFT_EMIT_LOC_STRINGS = NO;
				SWIFT_VERSION = 5.0;
				TEST_TARGET_NAME = "NR Status";
			};
			name = Release;
		};
		3FA635192CD7D4E40050F813 /* Debug */ = {
			isa = XCBuildConfiguration;
			buildSettings = {
				ASSETCATALOG_COMPILER_GLOBAL_ACCENT_COLOR_NAME = AccentColor;
				ASSETCATALOG_COMPILER_WIDGET_BACKGROUND_COLOR_NAME = WidgetBackground;
				CODE_SIGN_ENTITLEMENTS = "NRQL Widget/NRQL_Widget.entitlements";
				CODE_SIGN_STYLE = Automatic;
				CURRENT_PROJECT_VERSION = 1;
				DEAD_CODE_STRIPPING = YES;
				DEVELOPMENT_TEAM = EHM929N34N;
				ENABLE_HARDENED_RUNTIME = YES;
				GENERATE_INFOPLIST_FILE = YES;
				INFOPLIST_FILE = "NRQL Widget/Info.plist";
				INFOPLIST_KEY_CFBundleDisplayName = "NRQL Widget";
				INFOPLIST_KEY_NSHumanReadableCopyright = "";
				LD_RUNPATH_SEARCH_PATHS = (
					"$(inherited)",
					"@executable_path/../Frameworks",
					"@executable_path/../../../../Frameworks",
				);
				MACOSX_DEPLOYMENT_TARGET = 15.1;
				MARKETING_VERSION = 1.0;
				PRODUCT_BUNDLE_IDENTIFIER = "net.baurhome.NR-Status.NRQL-Widget";
				PRODUCT_NAME = "$(TARGET_NAME)";
				SKIP_INSTALL = YES;
				SWIFT_EMIT_LOC_STRINGS = YES;
				SWIFT_VERSION = 5.0;
			};
			name = Debug;
		};
		3FA6351A2CD7D4E40050F813 /* Release */ = {
			isa = XCBuildConfiguration;
			buildSettings = {
				ASSETCATALOG_COMPILER_GLOBAL_ACCENT_COLOR_NAME = AccentColor;
				ASSETCATALOG_COMPILER_WIDGET_BACKGROUND_COLOR_NAME = WidgetBackground;
				CODE_SIGN_ENTITLEMENTS = "NRQL Widget/NRQL_Widget.entitlements";
				CODE_SIGN_STYLE = Automatic;
				CURRENT_PROJECT_VERSION = 1;
				DEAD_CODE_STRIPPING = YES;
				DEVELOPMENT_TEAM = EHM929N34N;
				ENABLE_HARDENED_RUNTIME = YES;
				GENERATE_INFOPLIST_FILE = YES;
				INFOPLIST_FILE = "NRQL Widget/Info.plist";
				INFOPLIST_KEY_CFBundleDisplayName = "NRQL Widget";
				INFOPLIST_KEY_NSHumanReadableCopyright = "";
				LD_RUNPATH_SEARCH_PATHS = (
					"$(inherited)",
					"@executable_path/../Frameworks",
					"@executable_path/../../../../Frameworks",
				);
				MACOSX_DEPLOYMENT_TARGET = 15.1;
				MARKETING_VERSION = 1.0;
				PRODUCT_BUNDLE_IDENTIFIER = "net.baurhome.NR-Status.NRQL-Widget";
				PRODUCT_NAME = "$(TARGET_NAME)";
				SKIP_INSTALL = YES;
				SWIFT_EMIT_LOC_STRINGS = YES;
				SWIFT_VERSION = 5.0;
			};
			name = Release;
		};
		3FFDAED02CBCE7B300B26893 /* Debug */ = {
			isa = XCBuildConfiguration;
			buildSettings = {
				ASSETCATALOG_COMPILER_GLOBAL_ACCENT_COLOR_NAME = AccentColor;
				ASSETCATALOG_COMPILER_WIDGET_BACKGROUND_COLOR_NAME = WidgetBackground;
				CODE_SIGN_ENTITLEMENTS = "NRQL Viewer Widget/NRQL_Viewer_Widget.entitlements";
				CODE_SIGN_STYLE = Automatic;
				CURRENT_PROJECT_VERSION = 1;
				DEAD_CODE_STRIPPING = YES;
				DEVELOPMENT_TEAM = EHM929N34N;
				ENABLE_HARDENED_RUNTIME = YES;
				GENERATE_INFOPLIST_FILE = YES;
				INFOPLIST_FILE = "NRQL Viewer Widget/Info.plist";
				INFOPLIST_KEY_CFBundleDisplayName = "NRQL Viewer Widget";
				INFOPLIST_KEY_NSHumanReadableCopyright = "";
				LD_RUNPATH_SEARCH_PATHS = (
					"$(inherited)",
					"@executable_path/../Frameworks",
					"@executable_path/../../../../Frameworks",
				);
				MACOSX_DEPLOYMENT_TARGET = 14.0;
				MARKETING_VERSION = 1.0;
				PRODUCT_BUNDLE_IDENTIFIER = "net.baurhome.NR-Status.NRQL-Viewer-Widget";
				PRODUCT_NAME = "$(TARGET_NAME)";
				SKIP_INSTALL = YES;
				SWIFT_EMIT_LOC_STRINGS = YES;
				SWIFT_VERSION = 5.0;
			};
			name = Debug;
		};
		3FFDAED12CBCE7B300B26893 /* Release */ = {
			isa = XCBuildConfiguration;
			buildSettings = {
				ASSETCATALOG_COMPILER_GLOBAL_ACCENT_COLOR_NAME = AccentColor;
				ASSETCATALOG_COMPILER_WIDGET_BACKGROUND_COLOR_NAME = WidgetBackground;
				CODE_SIGN_ENTITLEMENTS = "NRQL Viewer Widget/NRQL Viewer WidgetExtensionRelease.entitlements";
				"CODE_SIGN_IDENTITY[sdk=macosx*]" = "Apple Development";
				CODE_SIGN_STYLE = Automatic;
				CURRENT_PROJECT_VERSION = 1;
				DEAD_CODE_STRIPPING = YES;
				DEVELOPMENT_TEAM = EHM929N34N;
				ENABLE_HARDENED_RUNTIME = YES;
				GENERATE_INFOPLIST_FILE = YES;
				INFOPLIST_FILE = "NRQL Viewer Widget/Info.plist";
				INFOPLIST_KEY_CFBundleDisplayName = "NRQL Viewer Widget";
				INFOPLIST_KEY_NSHumanReadableCopyright = "";
				LD_RUNPATH_SEARCH_PATHS = (
					"$(inherited)",
					"@executable_path/../Frameworks",
					"@executable_path/../../../../Frameworks",
				);
				MACOSX_DEPLOYMENT_TARGET = 14.0;
				MARKETING_VERSION = 1.0;
				PRODUCT_BUNDLE_IDENTIFIER = "net.baurhome.NR-Status.NRQL-Viewer-Widget";
				PRODUCT_NAME = "$(TARGET_NAME)";
				SKIP_INSTALL = YES;
				SWIFT_EMIT_LOC_STRINGS = YES;
				SWIFT_VERSION = 5.0;
			};
			name = Release;
		};
/* End XCBuildConfiguration section */

/* Begin XCConfigurationList section */
		3F01FD4B2CBDFAE100D9E068 /* Build configuration list for PBXNativeTarget "NR Status" */ = {
			isa = XCConfigurationList;
			buildConfigurations = (
				3F01FD4C2CBDFAE100D9E068 /* Debug */,
				3F01FD4D2CBDFAE100D9E068 /* Release */,
			);
			defaultConfigurationIsVisible = 0;
			defaultConfigurationName = Release;
		};
		3F28B37D2CBB996200CCB8DD /* Build configuration list for PBXNativeTarget "NR Models" */ = {
			isa = XCConfigurationList;
			buildConfigurations = (
				3F28B37E2CBB996200CCB8DD /* Debug */,
				3F28B37F2CBB996200CCB8DD /* Release */,
			);
			defaultConfigurationIsVisible = 0;
			defaultConfigurationName = Release;
		};
		3F28B3812CBB996200CCB8DD /* Build configuration list for PBXNativeTarget "NR ModelsTests" */ = {
			isa = XCConfigurationList;
			buildConfigurations = (
				3F28B3822CBB996200CCB8DD /* Debug */,
				3F28B3832CBB996200CCB8DD /* Release */,
			);
			defaultConfigurationIsVisible = 0;
			defaultConfigurationName = Release;
		};
		3F57146E2C9EA7BC00685FEA /* Build configuration list for PBXProject "NR Status" */ = {
			isa = XCConfigurationList;
			buildConfigurations = (
				3F5714962C9EA7BD00685FEA /* Debug */,
				3F5714972C9EA7BD00685FEA /* Release */,
			);
			defaultConfigurationIsVisible = 0;
			defaultConfigurationName = Release;
		};
		3F57149B2C9EA7BD00685FEA /* Build configuration list for PBXNativeTarget "NR StatusTests" */ = {
			isa = XCConfigurationList;
			buildConfigurations = (
				3F57149C2C9EA7BD00685FEA /* Debug */,
				3F57149D2C9EA7BD00685FEA /* Release */,
			);
			defaultConfigurationIsVisible = 0;
			defaultConfigurationName = Release;
		};
		3F57149E2C9EA7BD00685FEA /* Build configuration list for PBXNativeTarget "NR StatusUITests" */ = {
			isa = XCConfigurationList;
			buildConfigurations = (
				3F57149F2C9EA7BD00685FEA /* Debug */,
				3F5714A02C9EA7BD00685FEA /* Release */,
			);
			defaultConfigurationIsVisible = 0;
			defaultConfigurationName = Release;
		};
		3FA6351B2CD7D4E40050F813 /* Build configuration list for PBXNativeTarget "NRQL WidgetExtension" */ = {
			isa = XCConfigurationList;
			buildConfigurations = (
				3FA635192CD7D4E40050F813 /* Debug */,
				3FA6351A2CD7D4E40050F813 /* Release */,
			);
			defaultConfigurationIsVisible = 0;
			defaultConfigurationName = Release;
		};
		3FFDAECF2CBCE7B300B26893 /* Build configuration list for PBXNativeTarget "NRQL Viewer WidgetExtension" */ = {
			isa = XCConfigurationList;
			buildConfigurations = (
				3FFDAED02CBCE7B300B26893 /* Debug */,
				3FFDAED12CBCE7B300B26893 /* Release */,
			);
			defaultConfigurationIsVisible = 0;
			defaultConfigurationName = Release;
		};
/* End XCConfigurationList section */

/* Begin XCRemoteSwiftPackageReference section */
		3F01FD7A2CBF718600D9E068 /* XCRemoteSwiftPackageReference "CodeEditorView" */ = {
			isa = XCRemoteSwiftPackageReference;
			repositoryURL = "https://github.com/mchakravarty/CodeEditorView";
			requirement = {
				kind = upToNextMajorVersion;
				minimumVersion = 0.14.0;
			};
		};
		3F7896472CA7CE1100A03646 /* XCRemoteSwiftPackageReference "HexGrid" */ = {
			isa = XCRemoteSwiftPackageReference;
			repositoryURL = "https://github.com/ksemianov/HexGrid";
			requirement = {
				kind = upToNextMajorVersion;
				minimumVersion = 0.1.2;
			};
		};
/* End XCRemoteSwiftPackageReference section */

/* Begin XCSwiftPackageProductDependency section */
		3F01FD7B2CBF718600D9E068 /* CodeEditorView */ = {
			isa = XCSwiftPackageProductDependency;
			package = 3F01FD7A2CBF718600D9E068 /* XCRemoteSwiftPackageReference "CodeEditorView" */;
			productName = CodeEditorView;
		};
		3F01FD7D2CBF718600D9E068 /* LanguageSupport */ = {
			isa = XCSwiftPackageProductDependency;
			package = 3F01FD7A2CBF718600D9E068 /* XCRemoteSwiftPackageReference "CodeEditorView" */;
			productName = LanguageSupport;
		};
		3FA5BAD92CC22C5400B75771 /* HexGrid */ = {
			isa = XCSwiftPackageProductDependency;
			package = 3F7896472CA7CE1100A03646 /* XCRemoteSwiftPackageReference "HexGrid" */;
			productName = HexGrid;
		};
		3FA635432CD865250050F813 /* LanguageSupport */ = {
			isa = XCSwiftPackageProductDependency;
			package = 3F01FD7A2CBF718600D9E068 /* XCRemoteSwiftPackageReference "CodeEditorView" */;
			productName = LanguageSupport;
		};
/* End XCSwiftPackageProductDependency section */
	};
	rootObject = 3F57146B2C9EA7BC00685FEA /* Project object */;
}
